<?xml version="1.0" encoding="utf-8"?>
<Project ToolsVersion="4.0" xmlns="http://schemas.microsoft.com/developer/msbuild/2003">
  <ItemGroup>
    <ClCompile Include="main.cpp" />
    <ClCompile Include="..\Shared\CRT\crt.cpp">
      <Filter>CRT</Filter>
    </ClCompile>
    <ClCompile Include="Console\Console.cpp">
      <Filter>Console</Filter>
    </ClCompile>
    <ClCompile Include="CommandLine\CommandLine.cpp">
      <Filter>CommandLine</Filter>
    </ClCompile>
    <ClCompile Include="IconExtractor\IconExtractor.cpp">
      <Filter>IconExtractor</Filter>
    </ClCompile>
    <ClCompile Include="ManifestExtractor\ManifestExtractor.cpp">
      <Filter>ManifestExtractor</Filter>
    </ClCompile>
    <ClCompile Include="PEFile\PEFile.cpp">
      <Filter>PEFile</Filter>
    </ClCompile>
    <ClCompile Include="BinaryFileWriter\BinaryFileWriter.cpp">
      <Filter>BinaryFileWriter</Filter>
    </ClCompile>
    <ClCompile Include="..\Shared\ResourceLoader\ResourceLoader.cpp">
      <Filter>ResourceLoader</Filter>
    </ClCompile>
    <ClCompile Include="..\Shared\BinaryFileReader\BinaryFileReader.cpp">
      <Filter>BinaryFileReader</Filter>
    </ClCompile>
    <ClCompile Include="Compessor\Compressor.cpp">
      <Filter>Compressor</Filter>
    </ClCompile>
    <ClCompile Include="Compessor\lzma\pavlov\7zBuf.c">
      <Filter>Compressor\lzma\pavlov</Filter>
    </ClCompile>
    <ClCompile Include="Compessor\lzma\pavlov\7zBuf2.c">
      <Filter>Compressor\lzma\pavlov</Filter>
    </ClCompile>
    <ClCompile Include="Compessor\lzma\pavlov\7zCrc.c">
      <Filter>Compressor\lzma\pavlov</Filter>
    </ClCompile>
    <ClCompile Include="Compessor\lzma\pavlov\7zFile.c">
      <Filter>Compressor\lzma\pavlov</Filter>
    </ClCompile>
    <ClCompile Include="Compessor\lzma\pavlov\7zStream.c">
      <Filter>Compressor\lzma\pavlov</Filter>
    </ClCompile>
    <ClCompile Include="Compessor\lzma\pavlov\Alloc.c">
      <Filter>Compressor\lzma\pavlov</Filter>
    </ClCompile>
    <ClCompile Include="Compessor\lzma\pavlov\Bcj2.c">
      <Filter>Compressor\lzma\pavlov</Filter>
    </ClCompile>
    <ClCompile Include="Compessor\lzma\pavlov\Bra.c">
      <Filter>Compressor\lzma\pavlov</Filter>
    </ClCompile>
    <ClCompile Include="Compessor\lzma\pavlov\Bra86.c">
      <Filter>Compressor\lzma\pavlov</Filter>
    </ClCompile>
    <ClCompile Include="Compessor\lzma\pavlov\BraIA64.c">
      <Filter>Compressor\lzma\pavlov</Filter>
    </ClCompile>
    <ClCompile Include="Compessor\lzma\pavlov\LzFind.c">
      <Filter>Compressor\lzma\pavlov</Filter>
    </ClCompile>
    <ClCompile Include="Compessor\lzma\pavlov\LzmaDec.c">
      <Filter>Compressor\lzma\pavlov</Filter>
    </ClCompile>
    <ClCompile Include="Compessor\lzma\pavlov\LzmaEnc.c">
      <Filter>Compressor\lzma\pavlov</Filter>
    </ClCompile>
    <ClCompile Include="Compessor\lzma\pavlov\LzmaLib.c">
      <Filter>Compressor\lzma\pavlov</Filter>
    </ClCompile>
    <ClCompile Include="Compessor\lzma\wrapper\easylzmawrapper.cpp">
      <Filter>Compressor\lzma\wrapper</Filter>
    </ClCompile>
    <ClCompile Include="Compessor\lzma\common_internal.c">
      <Filter>Compressor\lzma</Filter>
    </ClCompile>
    <ClCompile Include="Compessor\lzma\compress.c">
      <Filter>Compressor\lzma</Filter>
    </ClCompile>
    <ClCompile Include="Compessor\lzma\lzip_header.c">
      <Filter>Compressor\lzma</Filter>
    </ClCompile>
    <ClCompile Include="Compessor\lzma\lzma_header.c">
      <Filter>Compressor\lzma</Filter>
    </ClCompile>
    <ClCompile Include="Compessor\lzma\decompress.c">
      <Filter>Compressor\lzma</Filter>
    </ClCompile>
  </ItemGroup>
  <ItemGroup>
    <Filter Include="CRT">
      <UniqueIdentifier>{a2999939-ea34-4455-af39-063347463b0c}</UniqueIdentifier>
    </Filter>
    <Filter Include="Console">
      <UniqueIdentifier>{cec1ec72-7f64-4660-84c0-caead896c09f}</UniqueIdentifier>
    </Filter>
    <Filter Include="CommandLine">
      <UniqueIdentifier>{02a59476-092a-44d2-973a-58f233616c20}</UniqueIdentifier>
    </Filter>
    <Filter Include="IconExtractor">
      <UniqueIdentifier>{1e245d88-6658-475d-94fd-a8691fa45eab}</UniqueIdentifier>
    </Filter>
    <Filter Include="ManifestExtractor">
      <UniqueIdentifier>{25cfdf53-d451-4031-be65-e3aed107cfc0}</UniqueIdentifier>
    </Filter>
    <Filter Include="PEFile">
      <UniqueIdentifier>{d840e5ea-083e-4705-a778-47efe5b20309}</UniqueIdentifier>
    </Filter>
    <Filter Include="BinaryFileWriter">
      <UniqueIdentifier>{2474d084-96aa-4e14-8eea-1cba04a3beee}</UniqueIdentifier>
    </Filter>
    <Filter Include="ResourceLoader">
      <UniqueIdentifier>{fa985a2c-d723-4564-98bb-25b40c404b25}</UniqueIdentifier>
    </Filter>
    <Filter Include="BinaryFileReader">
      <UniqueIdentifier>{e850630a-daeb-4e1a-a990-4a3087359d36}</UniqueIdentifier>
    </Filter>
    <Filter Include="Compressor">
      <UniqueIdentifier>{d529fa72-0d8b-4891-9675-1a8c84bfef68}</UniqueIdentifier>
    </Filter>
    <Filter Include="Compressor\lzma">
      <UniqueIdentifier>{dfdda02a-28ed-4ec2-bea3-d3f1d7516f42}</UniqueIdentifier>
    </Filter>
    <Filter Include="Compressor\lzma\easylzma">
      <UniqueIdentifier>{13b8ba1b-c51e-4f62-aafe-21490509db4b}</UniqueIdentifier>
    </Filter>
    <Filter Include="Compressor\lzma\pavlov">
      <UniqueIdentifier>{99a76fb0-8f9a-4379-bbb1-bf592251d90f}</UniqueIdentifier>
    </Filter>
    <Filter Include="Compressor\lzma\wrapper">
      <UniqueIdentifier>{b3a89139-3bfd-4a54-8917-fe3614c8e247}</UniqueIdentifier>
    </Filter>
  </ItemGroup>
  <ItemGroup>
    <ClInclude Include="..\Shared\CRT\crt.h">
      <Filter>CRT</Filter>
    </ClInclude>
    <ClInclude Include="Console\Console.h">
      <Filter>Console</Filter>
    </ClInclude>
    <ClInclude Include="CommandLine\CommandLine.h">
      <Filter>CommandLine</Filter>
    </ClInclude>
    <ClInclude Include="IconExtractor\IconExtractor.h">
      <Filter>IconExtractor</Filter>
    </ClInclude>
    <ClInclude Include="ManifestExtractor\ManifestExtractor.h">
      <Filter>ManifestExtractor</Filter>
    </ClInclude>
    <ClInclude Include="PEFile\PEFile.h">
      <Filter>PEFile</Filter>
    </ClInclude>
    <ClInclude Include="BinaryFileWriter\BinaryFileWriter.h">
      <Filter>BinaryFileWriter</Filter>
    </ClInclude>
    <ClInclude Include="..\Shared\ResourceLoader\ResourceLoader.h">
      <Filter>ResourceLoader</Filter>
    </ClInclude>
    <ClInclude Include="..\Shared\BinaryFileReader\BinaryFileReader.h">
      <Filter>BinaryFileReader</Filter>
    </ClInclude>
    <ClInclude Include="Compessor\Compressor.h">
      <Filter>Compressor</Filter>
    </ClInclude>
    <ClInclude Include="Compessor\lzma\easylzma\common.h">
      <Filter>Compressor\lzma\easylzma</Filter>
    </ClInclude>
    <ClInclude Include="Compessor\lzma\easylzma\compress.h">
      <Filter>Compressor\lzma\easylzma</Filter>
    </ClInclude>
    <ClInclude Include="Compessor\lzma\pavlov\7zBuf.h">
      <Filter>Compressor\lzma\pavlov</Filter>
    </ClInclude>
    <ClInclude Include="Compessor\lzma\pavlov\7zCrc.h">
      <Filter>Compressor\lzma\pavlov</Filter>
    </ClInclude>
    <ClInclude Include="Compessor\lzma\pavlov\7zFile.h">
      <Filter>Compressor\lzma\pavlov</Filter>
    </ClInclude>
    <ClInclude Include="Compessor\lzma\pavlov\7zVersion.h">
      <Filter>Compressor\lzma\pavlov</Filter>
    </ClInclude>
    <ClInclude Include="Compessor\lzma\pavlov\Alloc.h">
      <Filter>Compressor\lzma\pavlov</Filter>
    </ClInclude>
    <ClInclude Include="Compessor\lzma\pavlov\Bcj2.h">
      <Filter>Compressor\lzma\pavlov</Filter>
    </ClInclude>
    <ClInclude Include="Compessor\lzma\pavlov\Bra.h">
      <Filter>Compressor\lzma\pavlov</Filter>
    </ClInclude>
    <ClInclude Include="Compessor\lzma\pavlov\CpuArch.h">
      <Filter>Compressor\lzma\pavlov</Filter>
    </ClInclude>
    <ClInclude Include="Compessor\lzma\pavlov\LzFind.h">
      <Filter>Compressor\lzma\pavlov</Filter>
    </ClInclude>
    <ClInclude Include="Compessor\lzma\pavlov\LzHash.h">
      <Filter>Compressor\lzma\pavlov</Filter>
    </ClInclude>
    <ClInclude Include="Compessor\lzma\pavlov\LzmaDec.h">
      <Filter>Compressor\lzma\pavlov</Filter>
    </ClInclude>
    <ClInclude Include="Compessor\lzma\pavlov\LzmaEnc.h">
      <Filter>Compressor\lzma\pavlov</Filter>
    </ClInclude>
    <ClInclude Include="Compessor\lzma\pavlov\LzmaLib.h">
      <Filter>Compressor\lzma\pavlov</Filter>
    </ClInclude>
    <ClInclude Include="Compessor\lzma\pavlov\Types.h">
      <Filter>Compressor\lzma\pavlov</Filter>
    </ClInclude>
    <ClInclude Include="Compessor\lzma\wrapper\easylzmawrapper.h">
      <Filter>Compressor\lzma\wrapper</Filter>
    </ClInclude>
    <ClInclude Include="Compessor\lzma\common_internal.h">
      <Filter>Compressor\lzma</Filter>
    </ClInclude>
    <ClInclude Include="Compessor\lzma\lzip_header.h">
      <Filter>Compressor\lzma</Filter>
    </ClInclude>
    <ClInclude Include="Compessor\lzma\lzma_header.h">
      <Filter>Compressor\lzma</Filter>
    </ClInclude>
    <ClInclude Include="Compessor\lzma\easylzma\decompress.h">
      <Filter>Compressor\lzma\easylzma</Filter>
    </ClInclude>
  </ItemGroup>
</Project>